
Microsoft Visual Studio Solution File, Format Version 12.00
# Visual Studio 2015
Project("{FAE04EC0-301F-11D3-BF4B-00C04F79EFBC}") = "ArcadiaPlayground.CSharp", "ArcadiaPlayground.CSharp.csproj", "{C712F465-F358-A8BA-4CC5-D2CEC9342E20}"
EndProject
Project("{FAE04EC0-301F-11D3-BF4B-00C04F79EFBC}") = "ArcadiaPlayground.CSharp.Editor", "ArcadiaPlayground.CSharp.Editor.csproj", "{BC86B865-1AAA-5091-16AD-F1CD187EB951}"
EndProject
Global
	GlobalSection(SolutionConfigurationPlatforms) = preSolution
		Debug|Any CPU = Debug|Any CPU
		Release|Any CPU = Release|Any CPU
	EndGlobalSection
	GlobalSection(ProjectConfigurationPlatforms) = postSolution
		{C712F465-F358-A8BA-4CC5-D2CEC9342E20}.Debug|Any CPU.ActiveCfg = Debug|Any CPU
		{C712F465-F358-A8BA-4CC5-D2CEC9342E20}.Debug|Any CPU.Build.0 = Debug|Any CPU
		{C712F465-F358-A8BA-4CC5-D2CEC9342E20}.Release|Any CPU.ActiveCfg = Release|Any CPU
		{C712F465-F358-A8BA-4CC5-D2CEC9342E20}.Release|Any CPU.Build.0 = Release|Any CPU
		{BC86B865-1AAA-5091-16AD-F1CD187EB951}.Debug|Any CPU.ActiveCfg = Debug|Any CPU
		{BC86B865-1AAA-5091-16AD-F1CD187EB951}.Debug|Any CPU.Build.0 = Debug|Any CPU
		{BC86B865-1AAA-5091-16AD-F1CD187EB951}.Release|Any CPU.ActiveCfg = Release|Any CPU
		{BC86B865-1AAA-5091-16AD-F1CD187EB951}.Release|Any CPU.Build.0 = Release|Any CPU
	EndGlobalSection
	GlobalSection(SolutionProperties) = preSolution
		HideSolutionNode = FALSE
	EndGlobalSection
EndGlobal
